// !$*UTF8*$!
{
	archiveVersion = 1;
	classes = {
	};
	objectVersion = 56;
	objects = {

/* Begin PBXBuildFile section */
		8D05C7AA2E93F35F00252469 /* PaperMarkupViewControllerRepresentable.swift in Sources */ = {isa = PBXBuildFile; fileRef = 8D05C7A92E93F35900252469 /* PaperMarkupViewControllerRepresentable.swift */; };
		8D117B612BFF71B2002A06AA /* RapPKCanvasView.swift in Sources */ = {isa = PBXBuildFile; fileRef = 8D117B602BFF71B2002A06AA /* RapPKCanvasView.swift */; };
		8D692E702BDFD11700E616CF /* APCDigital_SwiftUIApp.swift in Sources */ = {isa = PBXBuildFile; fileRef = 8D692E6F2BDFD11700E616CF /* APCDigital_SwiftUIApp.swift */; };
		8D692E762BDFD11800E616CF /* Assets.xcassets in Resources */ = {isa = PBXBuildFile; fileRef = 8D692E752BDFD11800E616CF /* Assets.xcassets */; };
		8D692E792BDFD11800E616CF /* Preview Assets.xcassets in Resources */ = {isa = PBXBuildFile; fileRef = 8D692E782BDFD11800E616CF /* Preview Assets.xcassets */; };
		8D692E802BE0749B00E616CF /* MainView.swift in Sources */ = {isa = PBXBuildFile; fileRef = 8D692E7F2BE0749B00E616CF /* MainView.swift */; };
		8D692E822BE07C5600E616CF /* DayTopAreaView.swift in Sources */ = {isa = PBXBuildFile; fileRef = 8D692E812BE07C5600E616CF /* DayTopAreaView.swift */; };
		8D692E842BE07DED00E616CF /* DateManagement.swift in Sources */ = {isa = PBXBuildFile; fileRef = 8D692E832BE07DED00E616CF /* DateManagement.swift */; };
		8D692E862BE0834C00E616CF /* Device.swift in Sources */ = {isa = PBXBuildFile; fileRef = 8D692E852BE0834C00E616CF /* Device.swift */; };
		8D692E882BE088FC00E616CF /* Enum.swift in Sources */ = {isa = PBXBuildFile; fileRef = 8D692E872BE088FC00E616CF /* Enum.swift */; };
		8D692E8A2BE10B9700E616CF /* PencilKitViewRepresentable.swift in Sources */ = {isa = PBXBuildFile; fileRef = 8D692E892BE10B9700E616CF /* PencilKitViewRepresentable.swift */; };
		8D692E8C2BE10DCC00E616CF /* Extension.swift in Sources */ = {isa = PBXBuildFile; fileRef = 8D692E8B2BE10DCC00E616CF /* Extension.swift */; };
		8D692E8E2BE1116400E616CF /* MonthLabelView.swift in Sources */ = {isa = PBXBuildFile; fileRef = 8D692E8D2BE1116400E616CF /* MonthLabelView.swift */; };
		8D692E902BE11A4100E616CF /* AppDelegate.swift in Sources */ = {isa = PBXBuildFile; fileRef = 8D692E8F2BE11A4100E616CF /* AppDelegate.swift */; };
		8D692E922BE3733500E616CF /* EventManagement.swift in Sources */ = {isa = PBXBuildFile; fileRef = 8D692E912BE3733500E616CF /* EventManagement.swift */; };
		8D692E942BE3773A00E616CF /* EventsView.swift in Sources */ = {isa = PBXBuildFile; fileRef = 8D692E932BE3773A00E616CF /* EventsView.swift */; };
		8D692E962BE4BDE300E616CF /* EventViewData.swift in Sources */ = {isa = PBXBuildFile; fileRef = 8D692E952BE4BDE300E616CF /* EventViewData.swift */; };
		8D692E982BE71E5600E616CF /* EventsAllDayView.swift in Sources */ = {isa = PBXBuildFile; fileRef = 8D692E972BE71E5600E616CF /* EventsAllDayView.swift */; };
		8D692E9A2BE75F7800E616CF /* HolidayLabelView.swift in Sources */ = {isa = PBXBuildFile; fileRef = 8D692E992BE75F7800E616CF /* HolidayLabelView.swift */; };
		8D692E9D2BE79FBC00E616CF /* PencilData.swift in Sources */ = {isa = PBXBuildFile; fileRef = 8D692E9C2BE79FBC00E616CF /* PencilData.swift */; };
		8D692E9F2BE7A0B400E616CF /* DataOperation.swift in Sources */ = {isa = PBXBuildFile; fileRef = 8D692E9E2BE7A0B400E616CF /* DataOperation.swift */; };
		8D692EA12BE8E9F700E616CF /* DayLabelView.swift in Sources */ = {isa = PBXBuildFile; fileRef = 8D692EA02BE8E9F700E616CF /* DayLabelView.swift */; };
		8D692EA32BE8ED0800E616CF /* RemainingLebelView.swift in Sources */ = {isa = PBXBuildFile; fileRef = 8D692EA22BE8ED0800E616CF /* RemainingLebelView.swift */; };
		8D692EA72BE8F63D00E616CF /* RightAreaView.swift in Sources */ = {isa = PBXBuildFile; fileRef = 8D692EA62BE8F63D00E616CF /* RightAreaView.swift */; };
		8D692EA92BE8F65E00E616CF /* FromToView.swift in Sources */ = {isa = PBXBuildFile; fileRef = 8D692EA82BE8F65E00E616CF /* FromToView.swift */; };
		8D692EAB2BE8FB8300E616CF /* MonthlyCalendarView.swift in Sources */ = {isa = PBXBuildFile; fileRef = 8D692EAA2BE8FB8300E616CF /* MonthlyCalendarView.swift */; };
		8D692EAF2BE8FD1600E616CF /* MonthlyCalendarViewRepresentable.swift in Sources */ = {isa = PBXBuildFile; fileRef = 8D692EAE2BE8FD1600E616CF /* MonthlyCalendarViewRepresentable.swift */; };
		8D692EB12BE9104400E616CF /* WeekOfYearView.swift in Sources */ = {isa = PBXBuildFile; fileRef = 8D692EB02BE9104400E616CF /* WeekOfYearView.swift */; };
		8D8342992CDCEF9D00D1EF54 /* PencilKitViewStandardRepresentable.swift in Sources */ = {isa = PBXBuildFile; fileRef = 8D8342982CDCEF9D00D1EF54 /* PencilKitViewStandardRepresentable.swift */; };
		8D9F163B2BEA43EB00B5A880 /* PencilCaseView.swift in Sources */ = {isa = PBXBuildFile; fileRef = 8D9F163A2BEA43EB00B5A880 /* PencilCaseView.swift */; };
		8D9F163D2BECFE6200B5A880 /* EventEditView.swift in Sources */ = {isa = PBXBuildFile; fileRef = 8D9F163C2BECFE6200B5A880 /* EventEditView.swift */; };
		8D9F163F2BF0DB9800B5A880 /* EventData.swift in Sources */ = {isa = PBXBuildFile; fileRef = 8D9F163E2BF0DB9800B5A880 /* EventData.swift */; };
		8DAC133B2BF63FD8009590D5 /* DaySelectView.swift in Sources */ = {isa = PBXBuildFile; fileRef = 8DAC133A2BF63FD8009590D5 /* DaySelectView.swift */; };
/* End PBXBuildFile section */

/* Begin PBXFileReference section */
		8D05C7A92E93F35900252469 /* PaperMarkupViewControllerRepresentable.swift */ = {isa = PBXFileReference; lastKnownFileType = sourcecode.swift; path = PaperMarkupViewControllerRepresentable.swift; sourceTree = "<group>"; };
		8D117B602BFF71B2002A06AA /* RapPKCanvasView.swift */ = {isa = PBXFileReference; lastKnownFileType = sourcecode.swift; path = RapPKCanvasView.swift; sourceTree = "<group>"; };
		8D692E6C2BDFD11700E616CF /* APCDigital SwiftUI.app */ = {isa = PBXFileReference; explicitFileType = wrapper.application; includeInIndex = 0; path = "APCDigital SwiftUI.app"; sourceTree = BUILT_PRODUCTS_DIR; };
		8D692E6F2BDFD11700E616CF /* APCDigital_SwiftUIApp.swift */ = {isa = PBXFileReference; lastKnownFileType = sourcecode.swift; path = APCDigital_SwiftUIApp.swift; sourceTree = "<group>"; };
		8D692E752BDFD11800E616CF /* Assets.xcassets */ = {isa = PBXFileReference; lastKnownFileType = folder.assetcatalog; path = Assets.xcassets; sourceTree = "<group>"; };
		8D692E782BDFD11800E616CF /* Preview Assets.xcassets */ = {isa = PBXFileReference; lastKnownFileType = folder.assetcatalog; path = "Preview Assets.xcassets"; sourceTree = "<group>"; };
		8D692E7F2BE0749B00E616CF /* MainView.swift */ = {isa = PBXFileReference; lastKnownFileType = sourcecode.swift; path = MainView.swift; sourceTree = "<group>"; };
		8D692E812BE07C5600E616CF /* DayTopAreaView.swift */ = {isa = PBXFileReference; lastKnownFileType = sourcecode.swift; path = DayTopAreaView.swift; sourceTree = "<group>"; };
		8D692E832BE07DED00E616CF /* DateManagement.swift */ = {isa = PBXFileReference; lastKnownFileType = sourcecode.swift; path = DateManagement.swift; sourceTree = "<group>"; };
		8D692E852BE0834C00E616CF /* Device.swift */ = {isa = PBXFileReference; lastKnownFileType = sourcecode.swift; path = Device.swift; sourceTree = "<group>"; };
		8D692E872BE088FC00E616CF /* Enum.swift */ = {isa = PBXFileReference; lastKnownFileType = sourcecode.swift; path = Enum.swift; sourceTree = "<group>"; };
		8D692E892BE10B9700E616CF /* PencilKitViewRepresentable.swift */ = {isa = PBXFileReference; lastKnownFileType = sourcecode.swift; path = PencilKitViewRepresentable.swift; sourceTree = "<group>"; };
		8D692E8B2BE10DCC00E616CF /* Extension.swift */ = {isa = PBXFileReference; lastKnownFileType = sourcecode.swift; path = Extension.swift; sourceTree = "<group>"; };
		8D692E8D2BE1116400E616CF /* MonthLabelView.swift */ = {isa = PBXFileReference; lastKnownFileType = sourcecode.swift; path = MonthLabelView.swift; sourceTree = "<group>"; };
		8D692E8F2BE11A4100E616CF /* AppDelegate.swift */ = {isa = PBXFileReference; lastKnownFileType = sourcecode.swift; path = AppDelegate.swift; sourceTree = "<group>"; };
		8D692E912BE3733500E616CF /* EventManagement.swift */ = {isa = PBXFileReference; lastKnownFileType = sourcecode.swift; path = EventManagement.swift; sourceTree = "<group>"; };
		8D692E932BE3773A00E616CF /* EventsView.swift */ = {isa = PBXFileReference; lastKnownFileType = sourcecode.swift; path = EventsView.swift; sourceTree = "<group>"; };
		8D692E952BE4BDE300E616CF /* EventViewData.swift */ = {isa = PBXFileReference; lastKnownFileType = sourcecode.swift; path = EventViewData.swift; sourceTree = "<group>"; };
		8D692E972BE71E5600E616CF /* EventsAllDayView.swift */ = {isa = PBXFileReference; lastKnownFileType = sourcecode.swift; path = EventsAllDayView.swift; sourceTree = "<group>"; };
		8D692E992BE75F7800E616CF /* HolidayLabelView.swift */ = {isa = PBXFileReference; lastKnownFileType = sourcecode.swift; path = HolidayLabelView.swift; sourceTree = "<group>"; };
		8D692E9C2BE79FBC00E616CF /* PencilData.swift */ = {isa = PBXFileReference; lastKnownFileType = sourcecode.swift; path = PencilData.swift; sourceTree = "<group>"; };
		8D692E9E2BE7A0B400E616CF /* DataOperation.swift */ = {isa = PBXFileReference; lastKnownFileType = sourcecode.swift; path = DataOperation.swift; sourceTree = "<group>"; };
		8D692EA02BE8E9F700E616CF /* DayLabelView.swift */ = {isa = PBXFileReference; lastKnownFileType = sourcecode.swift; path = DayLabelView.swift; sourceTree = "<group>"; };
		8D692EA22BE8ED0800E616CF /* RemainingLebelView.swift */ = {isa = PBXFileReference; lastKnownFileType = sourcecode.swift; path = RemainingLebelView.swift; sourceTree = "<group>"; };
		8D692EA62BE8F63D00E616CF /* RightAreaView.swift */ = {isa = PBXFileReference; lastKnownFileType = sourcecode.swift; path = RightAreaView.swift; sourceTree = "<group>"; };
		8D692EA82BE8F65E00E616CF /* FromToView.swift */ = {isa = PBXFileReference; lastKnownFileType = sourcecode.swift; path = FromToView.swift; sourceTree = "<group>"; };
		8D692EAA2BE8FB8300E616CF /* MonthlyCalendarView.swift */ = {isa = PBXFileReference; lastKnownFileType = sourcecode.swift; path = MonthlyCalendarView.swift; sourceTree = "<group>"; };
		8D692EAE2BE8FD1600E616CF /* MonthlyCalendarViewRepresentable.swift */ = {isa = PBXFileReference; lastKnownFileType = sourcecode.swift; path = MonthlyCalendarViewRepresentable.swift; sourceTree = "<group>"; };
		8D692EB02BE9104400E616CF /* WeekOfYearView.swift */ = {isa = PBXFileReference; lastKnownFileType = sourcecode.swift; path = WeekOfYearView.swift; sourceTree = "<group>"; };
		8D8342982CDCEF9D00D1EF54 /* PencilKitViewStandardRepresentable.swift */ = {isa = PBXFileReference; lastKnownFileType = sourcecode.swift; path = PencilKitViewStandardRepresentable.swift; sourceTree = "<group>"; };
		8D9F163A2BEA43EB00B5A880 /* PencilCaseView.swift */ = {isa = PBXFileReference; lastKnownFileType = sourcecode.swift; path = PencilCaseView.swift; sourceTree = "<group>"; };
		8D9F163C2BECFE6200B5A880 /* EventEditView.swift */ = {isa = PBXFileReference; lastKnownFileType = sourcecode.swift; path = EventEditView.swift; sourceTree = "<group>"; };
		8D9F163E2BF0DB9800B5A880 /* EventData.swift */ = {isa = PBXFileReference; lastKnownFileType = sourcecode.swift; path = EventData.swift; sourceTree = "<group>"; };
		8DAC133A2BF63FD8009590D5 /* DaySelectView.swift */ = {isa = PBXFileReference; lastKnownFileType = sourcecode.swift; path = DaySelectView.swift; sourceTree = "<group>"; };
/* End PBXFileReference section */

/* Begin PBXFrameworksBuildPhase section */
		8D692E692BDFD11700E616CF /* Frameworks */ = {
			isa = PBXFrameworksBuildPhase;
			buildActionMask = 2147483647;
			files = (
			);
			runOnlyForDeploymentPostprocessing = 0;
		};
/* End PBXFrameworksBuildPhase section */

/* Begin PBXGroup section */
		8D692E632BDFD11700E616CF = {
			isa = PBXGroup;
			children = (
				8D692E6E2BDFD11700E616CF /* APCDigital SwiftUI */,
				8D692E6D2BDFD11700E616CF /* Products */,
			);
			sourceTree = "<group>";
		};
		8D692E6D2BDFD11700E616CF /* Products */ = {
			isa = PBXGroup;
			children = (
				8D692E6C2BDFD11700E616CF /* APCDigital SwiftUI.app */,
			);
			name = Products;
			sourceTree = "<group>";
		};
		8D692E6E2BDFD11700E616CF /* APCDigital SwiftUI */ = {
			isa = PBXGroup;
			children = (
				8D692E772BDFD11800E616CF /* Preview Content */,
				8D692E9B2BE79F7E00E616CF /* Model */,
				8D692E6F2BDFD11700E616CF /* APCDigital_SwiftUIApp.swift */,
				8D692E752BDFD11800E616CF /* Assets.xcassets */,
				8D692E7F2BE0749B00E616CF /* MainView.swift */,
				8D692E812BE07C5600E616CF /* DayTopAreaView.swift */,
				8D692EA02BE8E9F700E616CF /* DayLabelView.swift */,
				8D692EA22BE8ED0800E616CF /* RemainingLebelView.swift */,
				8D692E992BE75F7800E616CF /* HolidayLabelView.swift */,
				8D692E972BE71E5600E616CF /* EventsAllDayView.swift */,
				8D692EA62BE8F63D00E616CF /* RightAreaView.swift */,
				8D692E8D2BE1116400E616CF /* MonthLabelView.swift */,
				8D692EA82BE8F65E00E616CF /* FromToView.swift */,
				8D692E832BE07DED00E616CF /* DateManagement.swift */,
				8D692E852BE0834C00E616CF /* Device.swift */,
				8D692E872BE088FC00E616CF /* Enum.swift */,
				8D692E892BE10B9700E616CF /* PencilKitViewRepresentable.swift */,
				8D692E8B2BE10DCC00E616CF /* Extension.swift */,
				8D692E8F2BE11A4100E616CF /* AppDelegate.swift */,
				8D692E912BE3733500E616CF /* EventManagement.swift */,
				8D692E932BE3773A00E616CF /* EventsView.swift */,
				8D692E952BE4BDE300E616CF /* EventViewData.swift */,
				8D692E9E2BE7A0B400E616CF /* DataOperation.swift */,
				8D692EAA2BE8FB8300E616CF /* MonthlyCalendarView.swift */,
				8D692EAE2BE8FD1600E616CF /* MonthlyCalendarViewRepresentable.swift */,
				8D692EB02BE9104400E616CF /* WeekOfYearView.swift */,
				8D9F163A2BEA43EB00B5A880 /* PencilCaseView.swift */,
				8D9F163C2BECFE6200B5A880 /* EventEditView.swift */,
				8D9F163E2BF0DB9800B5A880 /* EventData.swift */,
				8DAC133A2BF63FD8009590D5 /* DaySelectView.swift */,
				8D117B602BFF71B2002A06AA /* RapPKCanvasView.swift */,
				8D8342982CDCEF9D00D1EF54 /* PencilKitViewStandardRepresentable.swift */,
				8D05C7A92E93F35900252469 /* PaperMarkupViewControllerRepresentable.swift */,
			);
			path = "APCDigital SwiftUI";
			sourceTree = "<group>";
		};
		8D692E772BDFD11800E616CF /* Preview Content */ = {
			isa = PBXGroup;
			children = (
				8D692E782BDFD11800E616CF /* Preview Assets.xcassets */,
			);
			path = "Preview Content";
			sourceTree = "<group>";
		};
		8D692E9B2BE79F7E00E616CF /* Model */ = {
			isa = PBXGroup;
			children = (
				8D692E9C2BE79FBC00E616CF /* PencilData.swift */,
			);
			path = Model;
			sourceTree = "<group>";
		};
/* End PBXGroup section */

/* Begin PBXNativeTarget section */
		8D692E6B2BDFD11700E616CF /* APCDigital SwiftUI */ = {
			isa = PBXNativeTarget;
			buildConfigurationList = 8D692E7C2BDFD11800E616CF /* Build configuration list for PBXNativeTarget "APCDigital SwiftUI" */;
			buildPhases = (
				8D692E682BDFD11700E616CF /* Sources */,
				8D692E692BDFD11700E616CF /* Frameworks */,
				8D692E6A2BDFD11700E616CF /* Resources */,
			);
			buildRules = (
			);
			dependencies = (
			);
			name = "APCDigital SwiftUI";
			productName = "APCDigital SwiftUI";
			productReference = 8D692E6C2BDFD11700E616CF /* APCDigital SwiftUI.app */;
			productType = "com.apple.product-type.application";
		};
/* End PBXNativeTarget section */

/* Begin PBXProject section */
		8D692E642BDFD11700E616CF /* Project object */ = {
			isa = PBXProject;
			attributes = {
				BuildIndependentTargetsInParallel = 1;
				LastSwiftUpdateCheck = 1530;
				LastUpgradeCheck = 2600;
				TargetAttributes = {
					8D692E6B2BDFD11700E616CF = {
						CreatedOnToolsVersion = 15.3;
					};
				};
			};
			buildConfigurationList = 8D692E672BDFD11700E616CF /* Build configuration list for PBXProject "APCDigital SwiftUI" */;
			compatibilityVersion = "Xcode 14.0";
			developmentRegion = ja;
			hasScannedForEncodings = 0;
			knownRegions = (
				en,
				Base,
				ja,
			);
			mainGroup = 8D692E632BDFD11700E616CF;
			productRefGroup = 8D692E6D2BDFD11700E616CF /* Products */;
			projectDirPath = "";
			projectRoot = "";
			targets = (
				8D692E6B2BDFD11700E616CF /* APCDigital SwiftUI */,
			);
		};
/* End PBXProject section */

/* Begin PBXResourcesBuildPhase section */
		8D692E6A2BDFD11700E616CF /* Resources */ = {
			isa = PBXResourcesBuildPhase;
			buildActionMask = 2147483647;
			files = (
				8D692E792BDFD11800E616CF /* Preview Assets.xcassets in Resources */,
				8D692E762BDFD11800E616CF /* Assets.xcassets in Resources */,
			);
			runOnlyForDeploymentPostprocessing = 0;
		};
/* End PBXResourcesBuildPhase section */

/* Begin PBXSourcesBuildPhase section */
		8D692E682BDFD11700E616CF /* Sources */ = {
			isa = PBXSourcesBuildPhase;
			buildActionMask = 2147483647;
			files = (
				8D692E902BE11A4100E616CF /* AppDelegate.swift in Sources */,
				8DAC133B2BF63FD8009590D5 /* DaySelectView.swift in Sources */,
				8D692E942BE3773A00E616CF /* EventsView.swift in Sources */,
				8D692EAB2BE8FB8300E616CF /* MonthlyCalendarView.swift in Sources */,
				8D692EA12BE8E9F700E616CF /* DayLabelView.swift in Sources */,
				8D692E922BE3733500E616CF /* EventManagement.swift in Sources */,
				8D9F163F2BF0DB9800B5A880 /* EventData.swift in Sources */,
				8D692EA72BE8F63D00E616CF /* RightAreaView.swift in Sources */,
				8D8342992CDCEF9D00D1EF54 /* PencilKitViewStandardRepresentable.swift in Sources */,
				8D692EB12BE9104400E616CF /* WeekOfYearView.swift in Sources */,
				8D692EA92BE8F65E00E616CF /* FromToView.swift in Sources */,
				8D117B612BFF71B2002A06AA /* RapPKCanvasView.swift in Sources */,
				8D9F163D2BECFE6200B5A880 /* EventEditView.swift in Sources */,
				8D692E802BE0749B00E616CF /* MainView.swift in Sources */,
				8D692E9A2BE75F7800E616CF /* HolidayLabelView.swift in Sources */,
				8D9F163B2BEA43EB00B5A880 /* PencilCaseView.swift in Sources */,
				8D692E882BE088FC00E616CF /* Enum.swift in Sources */,
				8D692E842BE07DED00E616CF /* DateManagement.swift in Sources */,
				8D692E822BE07C5600E616CF /* DayTopAreaView.swift in Sources */,
				8D692E982BE71E5600E616CF /* EventsAllDayView.swift in Sources */,
				8D692E9F2BE7A0B400E616CF /* DataOperation.swift in Sources */,
				8D692EAF2BE8FD1600E616CF /* MonthlyCalendarViewRepresentable.swift in Sources */,
				8D692E8E2BE1116400E616CF /* MonthLabelView.swift in Sources */,
				8D05C7AA2E93F35F00252469 /* PaperMarkupViewControllerRepresentable.swift in Sources */,
				8D692E8C2BE10DCC00E616CF /* Extension.swift in Sources */,
				8D692E8A2BE10B9700E616CF /* PencilKitViewRepresentable.swift in Sources */,
				8D692E862BE0834C00E616CF /* Device.swift in Sources */,
				8D692E962BE4BDE300E616CF /* EventViewData.swift in Sources */,
				8D692E9D2BE79FBC00E616CF /* PencilData.swift in Sources */,
				8D692EA32BE8ED0800E616CF /* RemainingLebelView.swift in Sources */,
				8D692E702BDFD11700E616CF /* APCDigital_SwiftUIApp.swift in Sources */,
			);
			runOnlyForDeploymentPostprocessing = 0;
		};
/* End PBXSourcesBuildPhase section */

/* Begin XCBuildConfiguration section */
		8D692E7A2BDFD11800E616CF /* Debug */ = {
			isa = XCBuildConfiguration;
			buildSettings = {
				ALWAYS_SEARCH_USER_PATHS = NO;
				ASSETCATALOG_COMPILER_GENERATE_SWIFT_ASSET_SYMBOL_EXTENSIONS = YES;
				CLANG_ANALYZER_LOCALIZABILITY_NONLOCALIZED = YES;
				CLANG_ANALYZER_NONNULL = YES;
				CLANG_ANALYZER_NUMBER_OBJECT_CONVERSION = YES_AGGRESSIVE;
				CLANG_CXX_LANGUAGE_STANDARD = "gnu++20";
				CLANG_ENABLE_MODULES = YES;
				CLANG_ENABLE_OBJC_ARC = YES;
				CLANG_ENABLE_OBJC_WEAK = YES;
				CLANG_WARN_BLOCK_CAPTURE_AUTORELEASING = YES;
				CLANG_WARN_BOOL_CONVERSION = YES;
				CLANG_WARN_COMMA = YES;
				CLANG_WARN_CONSTANT_CONVERSION = YES;
				CLANG_WARN_DEPRECATED_OBJC_IMPLEMENTATIONS = YES;
				CLANG_WARN_DIRECT_OBJC_ISA_USAGE = YES_ERROR;
				CLANG_WARN_DOCUMENTATION_COMMENTS = YES;
				CLANG_WARN_EMPTY_BODY = YES;
				CLANG_WARN_ENUM_CONVERSION = YES;
				CLANG_WARN_INFINITE_RECURSION = YES;
				CLANG_WARN_INT_CONVERSION = YES;
				CLANG_WARN_NON_LITERAL_NULL_CONVERSION = YES;
				CLANG_WARN_OBJC_IMPLICIT_RETAIN_SELF = YES;
				CLANG_WARN_OBJC_LITERAL_CONVERSION = YES;
				CLANG_WARN_OBJC_ROOT_CLASS = YES_ERROR;
				CLANG_WARN_QUOTED_INCLUDE_IN_FRAMEWORK_HEADER = YES;
				CLANG_WARN_RANGE_LOOP_ANALYSIS = YES;
				CLANG_WARN_STRICT_PROTOTYPES = YES;
				CLANG_WARN_SUSPICIOUS_MOVE = YES;
				CLANG_WARN_UNGUARDED_AVAILABILITY = YES_AGGRESSIVE;
				CLANG_WARN_UNREACHABLE_CODE = YES;
				CLANG_WARN__DUPLICATE_METHOD_MATCH = YES;
				COPY_PHASE_STRIP = NO;
				DEBUG_INFORMATION_FORMAT = dwarf;
				DEVELOPMENT_TEAM = 385NJ9XLA7;
				ENABLE_STRICT_OBJC_MSGSEND = YES;
				ENABLE_TESTABILITY = YES;
				ENABLE_USER_SCRIPT_SANDBOXING = YES;
				GCC_C_LANGUAGE_STANDARD = gnu17;
				GCC_DYNAMIC_NO_PIC = NO;
				GCC_NO_COMMON_BLOCKS = YES;
				GCC_OPTIMIZATION_LEVEL = 0;
				GCC_PREPROCESSOR_DEFINITIONS = (
					"DEBUG=1",
					"$(inherited)",
				);
				GCC_WARN_64_TO_32_BIT_CONVERSION = YES;
				GCC_WARN_ABOUT_RETURN_TYPE = YES_ERROR;
				GCC_WARN_UNDECLARED_SELECTOR = YES;
				GCC_WARN_UNINITIALIZED_AUTOS = YES_AGGRESSIVE;
				GCC_WARN_UNUSED_FUNCTION = YES;
				GCC_WARN_UNUSED_VARIABLE = YES;
				IPHONEOS_DEPLOYMENT_TARGET = 17.4;
				LOCALIZATION_PREFERS_STRING_CATALOGS = YES;
				MTL_ENABLE_DEBUG_INFO = INCLUDE_SOURCE;
				MTL_FAST_MATH = YES;
				ONLY_ACTIVE_ARCH = YES;
				SDKROOT = iphoneos;
				STRING_CATALOG_GENERATE_SYMBOLS = YES;
				SWIFT_ACTIVE_COMPILATION_CONDITIONS = "DEBUG $(inherited)";
				SWIFT_OPTIMIZATION_LEVEL = "-Onone";
			};
			name = Debug;
		};
		8D692E7B2BDFD11800E616CF /* Release */ = {
			isa = XCBuildConfiguration;
			buildSettings = {
				ALWAYS_SEARCH_USER_PATHS = NO;
				ASSETCATALOG_COMPILER_GENERATE_SWIFT_ASSET_SYMBOL_EXTENSIONS = YES;
				CLANG_ANALYZER_LOCALIZABILITY_NONLOCALIZED = YES;
				CLANG_ANALYZER_NONNULL = YES;
				CLANG_ANALYZER_NUMBER_OBJECT_CONVERSION = YES_AGGRESSIVE;
				CLANG_CXX_LANGUAGE_STANDARD = "gnu++20";
				CLANG_ENABLE_MODULES = YES;
				CLANG_ENABLE_OBJC_ARC = YES;
				CLANG_ENABLE_OBJC_WEAK = YES;
				CLANG_WARN_BLOCK_CAPTURE_AUTORELEASING = YES;
				CLANG_WARN_BOOL_CONVERSION = YES;
				CLANG_WARN_COMMA = YES;
				CLANG_WARN_CONSTANT_CONVERSION = YES;
				CLANG_WARN_DEPRECATED_OBJC_IMPLEMENTATIONS = YES;
				CLANG_WARN_DIRECT_OBJC_ISA_USAGE = YES_ERROR;
				CLANG_WARN_DOCUMENTATION_COMMENTS = YES;
				CLANG_WARN_EMPTY_BODY = YES;
				CLANG_WARN_ENUM_CONVERSION = YES;
				CLANG_WARN_INFINITE_RECURSION = YES;
				CLANG_WARN_INT_CONVERSION = YES;
				CLANG_WARN_NON_LITERAL_NULL_CONVERSION = YES;
				CLANG_WARN_OBJC_IMPLICIT_RETAIN_SELF = YES;
				CLANG_WARN_OBJC_LITERAL_CONVERSION = YES;
				CLANG_WARN_OBJC_ROOT_CLASS = YES_ERROR;
				CLANG_WARN_QUOTED_INCLUDE_IN_FRAMEWORK_HEADER = YES;
				CLANG_WARN_RANGE_LOOP_ANALYSIS = YES;
				CLANG_WARN_STRICT_PROTOTYPES = YES;
				CLANG_WARN_SUSPICIOUS_MOVE = YES;
				CLANG_WARN_UNGUARDED_AVAILABILITY = YES_AGGRESSIVE;
				CLANG_WARN_UNREACHABLE_CODE = YES;
				CLANG_WARN__DUPLICATE_METHOD_MATCH = YES;
				COPY_PHASE_STRIP = NO;
				DEBUG_INFORMATION_FORMAT = "dwarf-with-dsym";
				DEVELOPMENT_TEAM = 385NJ9XLA7;
				ENABLE_NS_ASSERTIONS = NO;
				ENABLE_STRICT_OBJC_MSGSEND = YES;
				ENABLE_USER_SCRIPT_SANDBOXING = YES;
				GCC_C_LANGUAGE_STANDARD = gnu17;
				GCC_NO_COMMON_BLOCKS = YES;
				GCC_WARN_64_TO_32_BIT_CONVERSION = YES;
				GCC_WARN_ABOUT_RETURN_TYPE = YES_ERROR;
				GCC_WARN_UNDECLARED_SELECTOR = YES;
				GCC_WARN_UNINITIALIZED_AUTOS = YES_AGGRESSIVE;
				GCC_WARN_UNUSED_FUNCTION = YES;
				GCC_WARN_UNUSED_VARIABLE = YES;
				IPHONEOS_DEPLOYMENT_TARGET = 17.4;
				LOCALIZATION_PREFERS_STRING_CATALOGS = YES;
				MTL_ENABLE_DEBUG_INFO = NO;
				MTL_FAST_MATH = YES;
				SDKROOT = iphoneos;
				STRING_CATALOG_GENERATE_SYMBOLS = YES;
				SWIFT_COMPILATION_MODE = wholemodule;
				VALIDATE_PRODUCT = YES;
			};
			name = Release;
		};
		8D692E7D2BDFD11800E616CF /* Debug */ = {
			isa = XCBuildConfiguration;
			buildSettings = {
				ASSETCATALOG_COMPILER_APPICON_NAME = AppIcon;
				ASSETCATALOG_COMPILER_GLOBAL_ACCENT_COLOR_NAME = AccentColor;
				CODE_SIGN_STYLE = Automatic;
				CURRENT_PROJECT_VERSION = 1;
				DEVELOPMENT_ASSET_PATHS = "\"APCDigital SwiftUI/Preview Content\"";
				ENABLE_PREVIEWS = YES;
				GENERATE_INFOPLIST_FILE = YES;
				INFOPLIST_KEY_CFBundleDisplayName = "APCD Paper";
				INFOPLIST_KEY_NSCalendarsUsageDescription = "Get Schedule";
				INFOPLIST_KEY_UIApplicationSceneManifest_Generation = YES;
				INFOPLIST_KEY_UIApplicationSupportsIndirectInputEvents = YES;
				INFOPLIST_KEY_UILaunchScreen_Generation = YES;
				INFOPLIST_KEY_UIRequiresFullScreen = YES;
				INFOPLIST_KEY_UISupportedInterfaceOrientations = "UIInterfaceOrientationLandscapeLeft UIInterfaceOrientationLandscapeRight";
				INFOPLIST_KEY_UISupportedInterfaceOrientations_iPad = "UIInterfaceOrientationLandscapeLeft UIInterfaceOrientationLandscapeRight";
				INFOPLIST_KEY_UIUserInterfaceStyle = Light;
				IPHONEOS_DEPLOYMENT_TARGET = 26.0;
				LD_RUNPATH_SEARCH_PATHS = (
					"$(inherited)",
					"@executable_path/Frameworks",
				);
				MARKETING_VERSION = 1.0;
				PRODUCT_BUNDLE_IDENTIFIER = "jp.cloudsquare.ipados.APCDigitalSwiftUI-PK";
				PRODUCT_NAME = "$(TARGET_NAME)";
				SUPPORTED_PLATFORMS = "iphoneos iphonesimulator";
				SUPPORTS_MACCATALYST = NO;
				SUPPORTS_MAC_DESIGNED_FOR_IPHONE_IPAD = NO;
				SUPPORTS_XR_DESIGNED_FOR_IPHONE_IPAD = NO;
				SWIFT_EMIT_LOC_STRINGS = YES;
				SWIFT_VERSION = 5.0;
				TARGETED_DEVICE_FAMILY = 2;
			};
			name = Debug;
		};
		8D692E7E2BDFD11800E616CF /* Release */ = {
			isa = XCBuildConfiguration;
			buildSettings = {
				ASSETCATALOG_COMPILER_APPICON_NAME = AppIcon;
				ASSETCATALOG_COMPILER_GLOBAL_ACCENT_COLOR_NAME = AccentColor;
				CODE_SIGN_STYLE = Automatic;
				CURRENT_PROJECT_VERSION = 1;
				DEVELOPMENT_ASSET_PATHS = "\"APCDigital SwiftUI/Preview Content\"";
				ENABLE_PREVIEWS = YES;
				GENERATE_INFOPLIST_FILE = YES;
				INFOPLIST_KEY_CFBundleDisplayName = "APCD Paper";
				INFOPLIST_KEY_NSCalendarsUsageDescription = "Get Schedule";
				INFOPLIST_KEY_UIApplicationSceneManifest_Generation = YES;
				INFOPLIST_KEY_UIApplicationSupportsIndirectInputEvents = YES;
				INFOPLIST_KEY_UILaunchScreen_Generation = YES;
				INFOPLIST_KEY_UIRequiresFullScreen = YES;
				INFOPLIST_KEY_UISupportedInterfaceOrientations = "UIInterfaceOrientationLandscapeLeft UIInterfaceOrientationLandscapeRight";
				INFOPLIST_KEY_UISupportedInterfaceOrientations_iPad = "UIInterfaceOrientationLandscapeLeft UIInterfaceOrientationLandscapeRight";
				INFOPLIST_KEY_UIUserInterfaceStyle = Light;
				IPHONEOS_DEPLOYMENT_TARGET = 26.0;
				LD_RUNPATH_SEARCH_PATHS = (
					"$(inherited)",
					"@executable_path/Frameworks",
				);
				MARKETING_VERSION = 1.0;
				PRODUCT_BUNDLE_IDENTIFIER = "jp.cloudsquare.ipados.APCDigitalSwiftUI-PK";
				PRODUCT_NAME = "$(TARGET_NAME)";
				SUPPORTED_PLATFORMS = "iphoneos iphonesimulator";
				SUPPORTS_MACCATALYST = NO;
				SUPPORTS_MAC_DESIGNED_FOR_IPHONE_IPAD = NO;
				SUPPORTS_XR_DESIGNED_FOR_IPHONE_IPAD = NO;
				SWIFT_EMIT_LOC_STRINGS = YES;
				SWIFT_VERSION = 5.0;
				TARGETED_DEVICE_FAMILY = 2;
			};
			name = Release;
		};
/* End XCBuildConfiguration section */

/* Begin XCConfigurationList section */
		8D692E672BDFD11700E616CF /* Build configuration list for PBXProject "APCDigital SwiftUI" */ = {
			isa = XCConfigurationList;
			buildConfigurations = (
				8D692E7A2BDFD11800E616CF /* Debug */,
				8D692E7B2BDFD11800E616CF /* Release */,
			);
			defaultConfigurationIsVisible = 0;
			defaultConfigurationName = Release;
		};
		8D692E7C2BDFD11800E616CF /* Build configuration list for PBXNativeTarget "APCDigital SwiftUI" */ = {
			isa = XCConfigurationList;
			buildConfigurations = (
				8D692E7D2BDFD11800E616CF /* Debug */,
				8D692E7E2BDFD11800E616CF /* Release */,
			);
			defaultConfigurationIsVisible = 0;
			defaultConfigurationName = Release;
		};
/* End XCConfigurationList section */
	};
	rootObject = 8D692E642BDFD11700E616CF /* Project object */;
}
